
Microsoft Visual Studio Solution File, Format Version 12.00
# Visual Studio Version 17
VisualStudioVersion = 17.0.31903.59
MinimumVisualStudioVersion = 10.0.40219.1
Project("{2150E333-8FDC-42A3-9474-1A3956D46DE8}") = "backend", "backend", "{1AE8ACA6-933B-BF2A-3671-3E2EAC007D16}"
EndProject
Project("{FAE04EC0-301F-11D3-BF4B-00C04F79EFBC}") = "VikashERP.Domain", "backend\VikashERP.Domain\VikashERP.Domain.csproj", "{4B8401CB-7BFA-45BF-B791-5D3CB6D31243}"
EndProject
Project("{FAE04EC0-301F-11D3-BF4B-00C04F79EFBC}") = "VikashERP.SharedKernel", "backend\VikashERP.SharedKernel\VikashERP.SharedKernel.csproj", "{867F0E88-A54A-44E2-A85E-86101159126E}"
EndProject
Project("{FAE04EC0-301F-11D3-BF4B-00C04F79EFBC}") = "VikashERP.Application", "backend\VikashERP.Application\VikashERP.Application.csproj", "{5170CE6E-C84F-4B55-8D18-F48FF3FE1D7C}"
EndProject
Project("{FAE04EC0-301F-11D3-BF4B-00C04F79EFBC}") = "VikashERP.Infrastructure", "backend\VikashERP.Infrastructure\VikashERP.Infrastructure.csproj", "{B5FCEAE4-517A-4E3C-9FB8-281A83D69C03}"
EndProject
Project("{FAE04EC0-301F-11D3-BF4B-00C04F79EFBC}") = "VikashERP.API", "backend\VikashERP.API\VikashERP.API.csproj", "{8D740797-4CDE-4B42-B6D0-CDD38A79560D}"
EndProject
Project("{FAE04EC0-301F-11D3-BF4B-00C04F79EFBC}") = "PwdGen", "backend\PwdGen\PwdGen.csproj", "{537A6188-7F01-4867-A57E-292428578C89}"
EndProject
Project("{FAE04EC0-301F-11D3-BF4B-00C04F79EFBC}") = "VikashERP.Web", "VikashERP.Web\VikashERP.Web.csproj", "{C2F66575-879E-48B1-97A6-55535E87AE9F}"
EndProject
Project("{2150E333-8FDC-42A3-9474-1A3956D46DE8}") = "mobile-app", "mobile-app", "{75802398-CAD5-0034-8DAD-0F1344E3F012}"
EndProject
Project("{FAE04EC0-301F-11D3-BF4B-00C04F79EFBC}") = "MobileApp", "mobile-app\MobileApp.csproj", "{7B8E21BD-1852-46A2-B8B1-BF3F84427924}"
EndProject
Project("{FAE04EC0-301F-11D3-BF4B-00C04F79EFBC}") = "VikashERP.Mobile", "VikashERP.Mobile\VikashERP.Mobile.csproj", "{76328AD5-87CA-419F-8534-E2BCA0D6D9FD}"
EndProject
Global
	GlobalSection(SolutionConfigurationPlatforms) = preSolution
		Debug|Any CPU = Debug|Any CPU
		Debug|x64 = Debug|x64
		Debug|x86 = Debug|x86
		Release|Any CPU = Release|Any CPU
		Release|x64 = Release|x64
		Release|x86 = Release|x86
	EndGlobalSection
	GlobalSection(ProjectConfigurationPlatforms) = postSolution
		{4B8401CB-7BFA-45BF-B791-5D3CB6D31243}.Debug|Any CPU.ActiveCfg = Debug|Any CPU
		{4B8401CB-7BFA-45BF-B791-5D3CB6D31243}.Debug|Any CPU.Build.0 = Debug|Any CPU
		{4B8401CB-7BFA-45BF-B791-5D3CB6D31243}.Debug|x64.ActiveCfg = Debug|Any CPU
		{4B8401CB-7BFA-45BF-B791-5D3CB6D31243}.Debug|x64.Build.0 = Debug|Any CPU
		{4B8401CB-7BFA-45BF-B791-5D3CB6D31243}.Debug|x86.ActiveCfg = Debug|Any CPU
		{4B8401CB-7BFA-45BF-B791-5D3CB6D31243}.Debug|x86.Build.0 = Debug|Any CPU
		{4B8401CB-7BFA-45BF-B791-5D3CB6D31243}.Release|Any CPU.ActiveCfg = Release|Any CPU
		{4B8401CB-7BFA-45BF-B791-5D3CB6D31243}.Release|Any CPU.Build.0 = Release|Any CPU
		{4B8401CB-7BFA-45BF-B791-5D3CB6D31243}.Release|x64.ActiveCfg = Release|Any CPU
		{4B8401CB-7BFA-45BF-B791-5D3CB6D31243}.Release|x64.Build.0 = Release|Any CPU
		{4B8401CB-7BFA-45BF-B791-5D3CB6D31243}.Release|x86.ActiveCfg = Release|Any CPU
		{4B8401CB-7BFA-45BF-B791-5D3CB6D31243}.Release|x86.Build.0 = Release|Any CPU
		{867F0E88-A54A-44E2-A85E-86101159126E}.Debug|Any CPU.ActiveCfg = Debug|Any CPU
		{867F0E88-A54A-44E2-A85E-86101159126E}.Debug|Any CPU.Build.0 = Debug|Any CPU
		{867F0E88-A54A-44E2-A85E-86101159126E}.Debug|x64.ActiveCfg = Debug|Any CPU
		{867F0E88-A54A-44E2-A85E-86101159126E}.Debug|x64.Build.0 = Debug|Any CPU
		{867F0E88-A54A-44E2-A85E-86101159126E}.Debug|x86.ActiveCfg = Debug|Any CPU
		{867F0E88-A54A-44E2-A85E-86101159126E}.Debug|x86.Build.0 = Debug|Any CPU
		{867F0E88-A54A-44E2-A85E-86101159126E}.Release|Any CPU.ActiveCfg = Release|Any CPU
		{867F0E88-A54A-44E2-A85E-86101159126E}.Release|Any CPU.Build.0 = Release|Any CPU
		{867F0E88-A54A-44E2-A85E-86101159126E}.Release|x64.ActiveCfg = Release|Any CPU
		{867F0E88-A54A-44E2-A85E-86101159126E}.Release|x64.Build.0 = Release|Any CPU
		{867F0E88-A54A-44E2-A85E-86101159126E}.Release|x86.ActiveCfg = Release|Any CPU
		{867F0E88-A54A-44E2-A85E-86101159126E}.Release|x86.Build.0 = Release|Any CPU
		{5170CE6E-C84F-4B55-8D18-F48FF3FE1D7C}.Debug|Any CPU.ActiveCfg = Debug|Any CPU
		{5170CE6E-C84F-4B55-8D18-F48FF3FE1D7C}.Debug|Any CPU.Build.0 = Debug|Any CPU
		{5170CE6E-C84F-4B55-8D18-F48FF3FE1D7C}.Debug|x64.ActiveCfg = Debug|Any CPU
		{5170CE6E-C84F-4B55-8D18-F48FF3FE1D7C}.Debug|x64.Build.0 = Debug|Any CPU
		{5170CE6E-C84F-4B55-8D18-F48FF3FE1D7C}.Debug|x86.ActiveCfg = Debug|Any CPU
		{5170CE6E-C84F-4B55-8D18-F48FF3FE1D7C}.Debug|x86.Build.0 = Debug|Any CPU
		{5170CE6E-C84F-4B55-8D18-F48FF3FE1D7C}.Release|Any CPU.ActiveCfg = Release|Any CPU
		{5170CE6E-C84F-4B55-8D18-F48FF3FE1D7C}.Release|Any CPU.Build.0 = Release|Any CPU
		{5170CE6E-C84F-4B55-8D18-F48FF3FE1D7C}.Release|x64.ActiveCfg = Release|Any CPU
		{5170CE6E-C84F-4B55-8D18-F48FF3FE1D7C}.Release|x64.Build.0 = Release|Any CPU
		{5170CE6E-C84F-4B55-8D18-F48FF3FE1D7C}.Release|x86.ActiveCfg = Release|Any CPU
		{5170CE6E-C84F-4B55-8D18-F48FF3FE1D7C}.Release|x86.Build.0 = Release|Any CPU
		{B5FCEAE4-517A-4E3C-9FB8-281A83D69C03}.Debug|Any CPU.ActiveCfg = Debug|Any CPU
		{B5FCEAE4-517A-4E3C-9FB8-281A83D69C03}.Debug|Any CPU.Build.0 = Debug|Any CPU
		{B5FCEAE4-517A-4E3C-9FB8-281A83D69C03}.Debug|x64.ActiveCfg = Debug|Any CPU
		{B5FCEAE4-517A-4E3C-9FB8-281A83D69C03}.Debug|x64.Build.0 = Debug|Any CPU
		{B5FCEAE4-517A-4E3C-9FB8-281A83D69C03}.Debug|x86.ActiveCfg = Debug|Any CPU
		{B5FCEAE4-517A-4E3C-9FB8-281A83D69C03}.Debug|x86.Build.0 = Debug|Any CPU
		{B5FCEAE4-517A-4E3C-9FB8-281A83D69C03}.Release|Any CPU.ActiveCfg = Release|Any CPU
		{B5FCEAE4-517A-4E3C-9FB8-281A83D69C03}.Release|Any CPU.Build.0 = Release|Any CPU
		{B5FCEAE4-517A-4E3C-9FB8-281A83D69C03}.Release|x64.ActiveCfg = Release|Any CPU
		{B5FCEAE4-517A-4E3C-9FB8-281A83D69C03}.Release|x64.Build.0 = Release|Any CPU
		{B5FCEAE4-517A-4E3C-9FB8-281A83D69C03}.Release|x86.ActiveCfg = Release|Any CPU
		{B5FCEAE4-517A-4E3C-9FB8-281A83D69C03}.Release|x86.Build.0 = Release|Any CPU
		{8D740797-4CDE-4B42-B6D0-CDD38A79560D}.Debug|Any CPU.ActiveCfg = Debug|Any CPU
		{8D740797-4CDE-4B42-B6D0-CDD38A79560D}.Debug|Any CPU.Build.0 = Debug|Any CPU
		{8D740797-4CDE-4B42-B6D0-CDD38A79560D}.Debug|x64.ActiveCfg = Debug|Any CPU
		{8D740797-4CDE-4B42-B6D0-CDD38A79560D}.Debug|x64.Build.0 = Debug|Any CPU
		{8D740797-4CDE-4B42-B6D0-CDD38A79560D}.Debug|x86.ActiveCfg = Debug|Any CPU
		{8D740797-4CDE-4B42-B6D0-CDD38A79560D}.Debug|x86.Build.0 = Debug|Any CPU
		{8D740797-4CDE-4B42-B6D0-CDD38A79560D}.Release|Any CPU.ActiveCfg = Release|Any CPU
		{8D740797-4CDE-4B42-B6D0-CDD38A79560D}.Release|Any CPU.Build.0 = Release|Any CPU
		{8D740797-4CDE-4B42-B6D0-CDD38A79560D}.Release|x64.ActiveCfg = Release|Any CPU
		{8D740797-4CDE-4B42-B6D0-CDD38A79560D}.Release|x64.Build.0 = Release|Any CPU
		{8D740797-4CDE-4B42-B6D0-CDD38A79560D}.Release|x86.ActiveCfg = Release|Any CPU
		{8D740797-4CDE-4B42-B6D0-CDD38A79560D}.Release|x86.Build.0 = Release|Any CPU
		{537A6188-7F01-4867-A57E-292428578C89}.Debug|Any CPU.ActiveCfg = Debug|Any CPU
		{537A6188-7F01-4867-A57E-292428578C89}.Debug|Any CPU.Build.0 = Debug|Any CPU
		{537A6188-7F01-4867-A57E-292428578C89}.Debug|x64.ActiveCfg = Debug|Any CPU
		{537A6188-7F01-4867-A57E-292428578C89}.Debug|x64.Build.0 = Debug|Any CPU
		{537A6188-7F01-4867-A57E-292428578C89}.Debug|x86.ActiveCfg = Debug|Any CPU
		{537A6188-7F01-4867-A57E-292428578C89}.Debug|x86.Build.0 = Debug|Any CPU
		{537A6188-7F01-4867-A57E-292428578C89}.Release|Any CPU.ActiveCfg = Release|Any CPU
		{537A6188-7F01-4867-A57E-292428578C89}.Release|Any CPU.Build.0 = Release|Any CPU
		{537A6188-7F01-4867-A57E-292428578C89}.Release|x64.ActiveCfg = Release|Any CPU
		{537A6188-7F01-4867-A57E-292428578C89}.Release|x64.Build.0 = Release|Any CPU
		{537A6188-7F01-4867-A57E-292428578C89}.Release|x86.ActiveCfg = Release|Any CPU
		{537A6188-7F01-4867-A57E-292428578C89}.Release|x86.Build.0 = Release|Any CPU
		{C2F66575-879E-48B1-97A6-55535E87AE9F}.Debug|Any CPU.ActiveCfg = Debug|Any CPU
		{C2F66575-879E-48B1-97A6-55535E87AE9F}.Debug|Any CPU.Build.0 = Debug|Any CPU
		{C2F66575-879E-48B1-97A6-55535E87AE9F}.Debug|x64.ActiveCfg = Debug|Any CPU
		{C2F66575-879E-48B1-97A6-55535E87AE9F}.Debug|x64.Build.0 = Debug|Any CPU
		{C2F66575-879E-48B1-97A6-55535E87AE9F}.Debug|x86.ActiveCfg = Debug|Any CPU
		{C2F66575-879E-48B1-97A6-55535E87AE9F}.Debug|x86.Build.0 = Debug|Any CPU
		{C2F66575-879E-48B1-97A6-55535E87AE9F}.Release|Any CPU.ActiveCfg = Release|Any CPU
		{C2F66575-879E-48B1-97A6-55535E87AE9F}.Release|Any CPU.Build.0 = Release|Any CPU
		{C2F66575-879E-48B1-97A6-55535E87AE9F}.Release|x64.ActiveCfg = Release|Any CPU
		{C2F66575-879E-48B1-97A6-55535E87AE9F}.Release|x64.Build.0 = Release|Any CPU
		{C2F66575-879E-48B1-97A6-55535E87AE9F}.Release|x86.ActiveCfg = Release|Any CPU
		{C2F66575-879E-48B1-97A6-55535E87AE9F}.Release|x86.Build.0 = Release|Any CPU
		{7B8E21BD-1852-46A2-B8B1-BF3F84427924}.Debug|Any CPU.ActiveCfg = Debug|Any CPU
		{7B8E21BD-1852-46A2-B8B1-BF3F84427924}.Debug|Any CPU.Build.0 = Debug|Any CPU
		{7B8E21BD-1852-46A2-B8B1-BF3F84427924}.Debug|x64.ActiveCfg = Debug|Any CPU
		{7B8E21BD-1852-46A2-B8B1-BF3F84427924}.Debug|x64.Build.0 = Debug|Any CPU
		{7B8E21BD-1852-46A2-B8B1-BF3F84427924}.Debug|x86.ActiveCfg = Debug|Any CPU
		{7B8E21BD-1852-46A2-B8B1-BF3F84427924}.Debug|x86.Build.0 = Debug|Any CPU
		{7B8E21BD-1852-46A2-B8B1-BF3F84427924}.Release|Any CPU.ActiveCfg = Release|Any CPU
		{7B8E21BD-1852-46A2-B8B1-BF3F84427924}.Release|Any CPU.Build.0 = Release|Any CPU
		{7B8E21BD-1852-46A2-B8B1-BF3F84427924}.Release|x64.ActiveCfg = Release|Any CPU
		{7B8E21BD-1852-46A2-B8B1-BF3F84427924}.Release|x64.Build.0 = Release|Any CPU
		{7B8E21BD-1852-46A2-B8B1-BF3F84427924}.Release|x86.ActiveCfg = Release|Any CPU
		{7B8E21BD-1852-46A2-B8B1-BF3F84427924}.Release|x86.Build.0 = Release|Any CPU
		{76328AD5-87CA-419F-8534-E2BCA0D6D9FD}.Debug|Any CPU.ActiveCfg = Debug|Any CPU
		{76328AD5-87CA-419F-8534-E2BCA0D6D9FD}.Debug|Any CPU.Build.0 = Debug|Any CPU
		{76328AD5-87CA-419F-8534-E2BCA0D6D9FD}.Debug|x64.ActiveCfg = Debug|Any CPU
		{76328AD5-87CA-419F-8534-E2BCA0D6D9FD}.Debug|x64.Build.0 = Debug|Any CPU
		{76328AD5-87CA-419F-8534-E2BCA0D6D9FD}.Debug|x86.ActiveCfg = Debug|Any CPU
		{76328AD5-87CA-419F-8534-E2BCA0D6D9FD}.Debug|x86.Build.0 = Debug|Any CPU
		{76328AD5-87CA-419F-8534-E2BCA0D6D9FD}.Release|Any CPU.ActiveCfg = Release|Any CPU
		{76328AD5-87CA-419F-8534-E2BCA0D6D9FD}.Release|Any CPU.Build.0 = Release|Any CPU
		{76328AD5-87CA-419F-8534-E2BCA0D6D9FD}.Release|x64.ActiveCfg = Release|Any CPU
		{76328AD5-87CA-419F-8534-E2BCA0D6D9FD}.Release|x64.Build.0 = Release|Any CPU
		{76328AD5-87CA-419F-8534-E2BCA0D6D9FD}.Release|x86.ActiveCfg = Release|Any CPU
		{76328AD5-87CA-419F-8534-E2BCA0D6D9FD}.Release|x86.Build.0 = Release|Any CPU
	EndGlobalSection
	GlobalSection(SolutionProperties) = preSolution
		HideSolutionNode = FALSE
	EndGlobalSection
	GlobalSection(NestedProjects) = preSolution
		{4B8401CB-7BFA-45BF-B791-5D3CB6D31243} = {1AE8ACA6-933B-BF2A-3671-3E2EAC007D16}
		{867F0E88-A54A-44E2-A85E-86101159126E} = {1AE8ACA6-933B-BF2A-3671-3E2EAC007D16}
		{5170CE6E-C84F-4B55-8D18-F48FF3FE1D7C} = {1AE8ACA6-933B-BF2A-3671-3E2EAC007D16}
		{B5FCEAE4-517A-4E3C-9FB8-281A83D69C03} = {1AE8ACA6-933B-BF2A-3671-3E2EAC007D16}
		{8D740797-4CDE-4B42-B6D0-CDD38A79560D} = {1AE8ACA6-933B-BF2A-3671-3E2EAC007D16}
		{537A6188-7F01-4867-A57E-292428578C89} = {1AE8ACA6-933B-BF2A-3671-3E2EAC007D16}
		{7B8E21BD-1852-46A2-B8B1-BF3F84427924} = {75802398-CAD5-0034-8DAD-0F1344E3F012}
	EndGlobalSection
EndGlobal
